// !$*UTF8*$!
{
	archiveVersion = 1;
	classes = {
	};
	objectVersion = 50;
	objects = {

/* Begin PBXBuildFile section */
		2306AA142233245700841CFD /* DetailViewController.swift in Sources */ = {isa = PBXBuildFile; fileRef = 2306AA132233245700841CFD /* DetailViewController.swift */; };
		233A88E12245955E0074CAAD /* scotland.png in Resources */ = {isa = PBXBuildFile; fileRef = 233A88E02245955E0074CAAD /* scotland.png */; };
		2357DDB22230AC1900B28441 /* AppDelegate.swift in Sources */ = {isa = PBXBuildFile; fileRef = 2357DDB12230AC1900B28441 /* AppDelegate.swift */; };
		2357DDB42230AC1900B28441 /* ViewController.swift in Sources */ = {isa = PBXBuildFile; fileRef = 2357DDB32230AC1900B28441 /* ViewController.swift */; };
		2357DDB72230AC1900B28441 /* Main.storyboard in Resources */ = {isa = PBXBuildFile; fileRef = 2357DDB52230AC1900B28441 /* Main.storyboard */; };
		2357DDB92230AC1B00B28441 /* Assets.xcassets in Resources */ = {isa = PBXBuildFile; fileRef = 2357DDB82230AC1B00B28441 /* Assets.xcassets */; };
		2357DDBC2230AC1B00B28441 /* LaunchScreen.storyboard in Resources */ = {isa = PBXBuildFile; fileRef = 2357DDBA2230AC1B00B28441 /* LaunchScreen.storyboard */; };
		237E0844224457F900872091 /* meandmil.jpg in Resources */ = {isa = PBXBuildFile; fileRef = 237E0841224457F900872091 /* meandmil.jpg */; };
		237E0845224457F900872091 /* yay.jpg in Resources */ = {isa = PBXBuildFile; fileRef = 237E0842224457F900872091 /* yay.jpg */; };
/* End PBXBuildFile section */

/* Begin PBXFileReference section */
		2306AA132233245700841CFD /* DetailViewController.swift */ = {isa = PBXFileReference; lastKnownFileType = sourcecode.swift; path = DetailViewController.swift; sourceTree = "<group>"; };
		2313AC0422407B0A00A7D65F /* Project1.entitlements */ = {isa = PBXFileReference; lastKnownFileType = text.plist.entitlements; path = Project1.entitlements; sourceTree = "<group>"; };
		233A88E02245955E0074CAAD /* scotland.png */ = {isa = PBXFileReference; lastKnownFileType = image.png; path = scotland.png; sourceTree = "<group>"; };
		2357DDAE2230AC1900B28441 /* Project1.app */ = {isa = PBXFileReference; explicitFileType = wrapper.application; includeInIndex = 0; path = Project1.app; sourceTree = BUILT_PRODUCTS_DIR; };
		2357DDB12230AC1900B28441 /* AppDelegate.swift */ = {isa = PBXFileReference; lastKnownFileType = sourcecode.swift; path = AppDelegate.swift; sourceTree = "<group>"; };
		2357DDB32230AC1900B28441 /* ViewController.swift */ = {isa = PBXFileReference; lastKnownFileType = sourcecode.swift; path = ViewController.swift; sourceTree = "<group>"; };
		2357DDB62230AC1900B28441 /* Base */ = {isa = PBXFileReference; lastKnownFileType = file.storyboard; name = Base; path = Base.lproj/Main.storyboard; sourceTree = "<group>"; };
		2357DDB82230AC1B00B28441 /* Assets.xcassets */ = {isa = PBXFileReference; lastKnownFileType = folder.assetcatalog; path = Assets.xcassets; sourceTree = "<group>"; };
		2357DDBB2230AC1B00B28441 /* Base */ = {isa = PBXFileReference; lastKnownFileType = file.storyboard; name = Base; path = Base.lproj/LaunchScreen.storyboard; sourceTree = "<group>"; };
		2357DDBD2230AC1B00B28441 /* Info.plist */ = {isa = PBXFileReference; lastKnownFileType = text.plist.xml; path = Info.plist; sourceTree = "<group>"; };
		237E0841224457F900872091 /* meandmil.jpg */ = {isa = PBXFileReference; lastKnownFileType = image.jpeg; path = meandmil.jpg; sourceTree = "<group>"; };
		237E0842224457F900872091 /* yay.jpg */ = {isa = PBXFileReference; lastKnownFileType = image.jpeg; path = yay.jpg; sourceTree = "<group>"; };
/* End PBXFileReference section */

/* Begin PBXFrameworksBuildPhase section */
		2357DDAB2230AC1900B28441 /* Frameworks */ = {
			isa = PBXFrameworksBuildPhase;
			buildActionMask = 2147483647;
			files = (
			);
			runOnlyForDeploymentPostprocessing = 0;
		};
/* End PBXFrameworksBuildPhase section */

/* Begin PBXGroup section */
		2357DDA52230AC1800B28441 = {
			isa = PBXGroup;
			children = (
				2357DDB02230AC1900B28441 /* Project1 */,
				2357DDAF2230AC1900B28441 /* Products */,
			);
			sourceTree = "<group>";
		};
		2357DDAF2230AC1900B28441 /* Products */ = {
			isa = PBXGroup;
			children = (
				2357DDAE2230AC1900B28441 /* Project1.app */,
			);
			name = Products;
			sourceTree = "<group>";
		};
		2357DDB02230AC1900B28441 /* Project1 */ = {
			isa = PBXGroup;
			children = (
				2313AC0422407B0A00A7D65F /* Project1.entitlements */,
				2306AA132233245700841CFD /* DetailViewController.swift */,
				2357DDB12230AC1900B28441 /* AppDelegate.swift */,
				2357DDB32230AC1900B28441 /* ViewController.swift */,
				2357DDB52230AC1900B28441 /* Main.storyboard */,
				2357DDB82230AC1B00B28441 /* Assets.xcassets */,
				2357DDBA2230AC1B00B28441 /* LaunchScreen.storyboard */,
				2357DDBD2230AC1B00B28441 /* Info.plist */,
				2357DDC32230AE8C00B28441 /* Content */,
			);
			path = Project1;
			sourceTree = "<group>";
		};
		2357DDC32230AE8C00B28441 /* Content */ = {
			isa = PBXGroup;
			children = (
				233A88E02245955E0074CAAD /* scotland.png */,
				237E0841224457F900872091 /* meandmil.jpg */,
				237E0842224457F900872091 /* yay.jpg */,
			);
			path = Content;
			sourceTree = "<group>";
		};
/* End PBXGroup section */

/* Begin PBXNativeTarget section */
		2357DDAD2230AC1900B28441 /* Project1 */ = {
			isa = PBXNativeTarget;
			buildConfigurationList = 2357DDC02230AC1B00B28441 /* Build configuration list for PBXNativeTarget "Project1" */;
			buildPhases = (
				2357DDAA2230AC1900B28441 /* Sources */,
				2357DDAB2230AC1900B28441 /* Frameworks */,
				2357DDAC2230AC1900B28441 /* Resources */,
			);
			buildRules = (
			);
			dependencies = (
			);
			name = Project1;
			productName = Project1;
			productReference = 2357DDAE2230AC1900B28441 /* Project1.app */;
			productType = "com.apple.product-type.application";
		};
/* End PBXNativeTarget section */

/* Begin PBXProject section */
		2357DDA62230AC1800B28441 /* Project object */ = {
			isa = PBXProject;
			attributes = {
				LastSwiftUpdateCheck = 1010;
				LastUpgradeCheck = 1010;
				ORGANIZATIONNAME = "McLean Digital Limited";
				TargetAttributes = {
					2357DDAD2230AC1900B28441 = {
						CreatedOnToolsVersion = 10.1;
						SystemCapabilities = {
							com.apple.ApplicationGroups.iOS = {
								enabled = 0;
							};
						};
					};
				};
			};
			buildConfigurationList = 2357DDA92230AC1800B28441 /* Build configuration list for PBXProject "Project1" */;
			compatibilityVersion = "Xcode 9.3";
			developmentRegion = en;
			hasScannedForEncodings = 0;
			knownRegions = (
				en,
				Base,
			);
			mainGroup = 2357DDA52230AC1800B28441;
			productRefGroup = 2357DDAF2230AC1900B28441 /* Products */;
			projectDirPath = "";
			projectRoot = "";
			targets = (
				2357DDAD2230AC1900B28441 /* Project1 */,
			);
		};
/* End PBXProject section */

/* Begin PBXResourcesBuildPhase section */
		2357DDAC2230AC1900B28441 /* Resources */ = {
			isa = PBXResourcesBuildPhase;
			buildActionMask = 2147483647;
			files = (
				2357DDBC2230AC1B00B28441 /* LaunchScreen.storyboard in Resources */,
				2357DDB92230AC1B00B28441 /* Assets.xcassets in Resources */,
				237E0845224457F900872091 /* yay.jpg in Resources */,
				237E0844224457F900872091 /* meandmil.jpg in Resources */,
				2357DDB72230AC1900B28441 /* Main.storyboard in Resources */,
				233A88E12245955E0074CAAD /* scotland.png in Resources */,
			);
			runOnlyForDeploymentPostprocessing = 0;
		};
/* End PBXResourcesBuildPhase section */

/* Begin PBXSourcesBuildPhase section */
		2357DDAA2230AC1900B28441 /* Sources */ = {
			isa = PBXSourcesBuildPhase;
			buildActionMask = 2147483647;
			files = (
				2306AA142233245700841CFD /* DetailViewController.swift in Sources */,
				2357DDB42230AC1900B28441 /* ViewController.swift in Sources */,
				2357DDB22230AC1900B28441 /* AppDelegate.swift in Sources */,
			);
			runOnlyForDeploymentPostprocessing = 0;
		};
/* End PBXSourcesBuildPhase section */

/* Begin PBXVariantGroup section */
		2357DDB52230AC1900B28441 /* Main.storyboard */ = {
			isa = PBXVariantGroup;
			children = (
				2357DDB62230AC1900B28441 /* Base */,
			);
			name = Main.storyboard;
			sourceTree = "<group>";
		};
		2357DDBA2230AC1B00B28441 /* LaunchScreen.storyboard */ = {
			isa = PBXVariantGroup;
			children = (
				2357DDBB2230AC1B00B28441 /* Base */,
			);
			name = LaunchScreen.storyboard;
			sourceTree = "<group>";
		};
/* End PBXVariantGroup section */

/* Begin XCBuildConfiguration section */
		2357DDBE2230AC1B00B28441 /* Debug */ = {
			isa = XCBuildConfiguration;
			buildSettings = {
				ALWAYS_SEARCH_USER_PATHS = NO;
				CLANG_ANALYZER_NONNULL = YES;
				CLANG_ANALYZER_NUMBER_OBJECT_CONVERSION = YES_AGGRESSIVE;
				CLANG_CXX_LANGUAGE_STANDARD = "gnu++14";
				CLANG_CXX_LIBRARY = "libc++";
				CLANG_ENABLE_MODULES = YES;
				CLANG_ENABLE_OBJC_ARC = YES;
				CLANG_ENABLE_OBJC_WEAK = YES;
				CLANG_WARN_BLOCK_CAPTURE_AUTORELEASING = YES;
				CLANG_WARN_BOOL_CONVERSION = YES;
				CLANG_WARN_COMMA = YES;
				CLANG_WARN_CONSTANT_CONVERSION = YES;
				CLANG_WARN_DEPRECATED_OBJC_IMPLEMENTATIONS = YES;
				CLANG_WARN_DIRECT_OBJC_ISA_USAGE = YES_ERROR;
				CLANG_WARN_DOCUMENTATION_COMMENTS = YES;
				CLANG_WARN_EMPTY_BODY = YES;
				CLANG_WARN_ENUM_CONVERSION = YES;
				CLANG_WARN_INFINITE_RECURSION = YES;
				CLANG_WARN_INT_CONVERSION = YES;
				CLANG_WARN_NON_LITERAL_NULL_CONVERSION = YES;
				CLANG_WARN_OBJC_IMPLICIT_RETAIN_SELF = YES;
				CLANG_WARN_OBJC_LITERAL_CONVERSION = YES;
				CLANG_WARN_OBJC_ROOT_CLASS = YES_ERROR;
				CLANG_WARN_RANGE_LOOP_ANALYSIS = YES;
				CLANG_WARN_STRICT_PROTOTYPES = YES;
				CLANG_WARN_SUSPICIOUS_MOVE = YES;
				CLANG_WARN_UNGUARDED_AVAILABILITY = YES_AGGRESSIVE;
				CLANG_WARN_UNREACHABLE_CODE = YES;
				CLANG_WARN__DUPLICATE_METHOD_MATCH = YES;
				CODE_SIGN_IDENTITY = "iPhone Developer";
				COPY_PHASE_STRIP = NO;
				DEBUG_INFORMATION_FORMAT = dwarf;
				ENABLE_STRICT_OBJC_MSGSEND = YES;
				ENABLE_TESTABILITY = YES;
				GCC_C_LANGUAGE_STANDARD = gnu11;
				GCC_DYNAMIC_NO_PIC = NO;
				GCC_NO_COMMON_BLOCKS = YES;
				GCC_OPTIMIZATION_LEVEL = 0;
				GCC_PREPROCESSOR_DEFINITIONS = (
					"DEBUG=1",
					"$(inherited)",
				);
				GCC_WARN_64_TO_32_BIT_CONVERSION = YES;
				GCC_WARN_ABOUT_RETURN_TYPE = YES_ERROR;
				GCC_WARN_UNDECLARED_SELECTOR = YES;
				GCC_WARN_UNINITIALIZED_AUTOS = YES_AGGRESSIVE;
				GCC_WARN_UNUSED_FUNCTION = YES;
				GCC_WARN_UNUSED_VARIABLE = YES;
				IPHONEOS_DEPLOYMENT_TARGET = 12.1;
				MTL_ENABLE_DEBUG_INFO = INCLUDE_SOURCE;
				MTL_FAST_MATH = YES;
				ONLY_ACTIVE_ARCH = YES;
				SDKROOT = iphoneos;
				SWIFT_ACTIVE_COMPILATION_CONDITIONS = DEBUG;
				SWIFT_OPTIMIZATION_LEVEL = "-Onone";
			};
			name = Debug;
		};
		2357DDBF2230AC1B00B28441 /* Release */ = {
			isa = XCBuildConfiguration;
			buildSettings = {
				ALWAYS_SEARCH_USER_PATHS = NO;
				CLANG_ANALYZER_NONNULL = YES;
				CLANG_ANALYZER_NUMBER_OBJECT_CONVERSION = YES_AGGRESSIVE;
				CLANG_CXX_LANGUAGE_STANDARD = "gnu++14";
				CLANG_CXX_LIBRARY = "libc++";
				CLANG_ENABLE_MODULES = YES;
				CLANG_ENABLE_OBJC_ARC = YES;
				CLANG_ENABLE_OBJC_WEAK = YES;
				CLANG_WARN_BLOCK_CAPTURE_AUTORELEASING = YES;
				CLANG_WARN_BOOL_CONVERSION = YES;
				CLANG_WARN_COMMA = YES;
				CLANG_WARN_CONSTANT_CONVERSION = YES;
				CLANG_WARN_DEPRECATED_OBJC_IMPLEMENTATIONS = YES;
				CLANG_WARN_DIRECT_OBJC_ISA_USAGE = YES_ERROR;
				CLANG_WARN_DOCUMENTATION_COMMENTS = YES;
				CLANG_WARN_EMPTY_BODY = YES;
				CLANG_WARN_ENUM_CONVERSION = YES;
				CLANG_WARN_INFINITE_RECURSION = YES;
				CLANG_WARN_INT_CONVERSION = YES;
				CLANG_WARN_NON_LITERAL_NULL_CONVERSION = YES;
				CLANG_WARN_OBJC_IMPLICIT_RETAIN_SELF = YES;
				CLANG_WARN_OBJC_LITERAL_CONVERSION = YES;
				CLANG_WARN_OBJC_ROOT_CLASS = YES_ERROR;
				CLANG_WARN_RANGE_LOOP_ANALYSIS = YES;
				CLANG_WARN_STRICT_PROTOTYPES = YES;
				CLANG_WARN_SUSPICIOUS_MOVE = YES;
				CLANG_WARN_UNGUARDED_AVAILABILITY = YES_AGGRESSIVE;
				CLANG_WARN_UNREACHABLE_CODE = YES;
				CLANG_WARN__DUPLICATE_METHOD_MATCH = YES;
				CODE_SIGN_IDENTITY = "iPhone Developer";
				COPY_PHASE_STRIP = NO;
				DEBUG_INFORMATION_FORMAT = "dwarf-with-dsym";
				ENABLE_NS_ASSERTIONS = NO;
				ENABLE_STRICT_OBJC_MSGSEND = YES;
				GCC_C_LANGUAGE_STANDARD = gnu11;
				GCC_NO_COMMON_BLOCKS = YES;
				GCC_WARN_64_TO_32_BIT_CONVERSION = YES;
				GCC_WARN_ABOUT_RETURN_TYPE = YES_ERROR;
				GCC_WARN_UNDECLARED_SELECTOR = YES;
				GCC_WARN_UNINITIALIZED_AUTOS = YES_AGGRESSIVE;
				GCC_WARN_UNUSED_FUNCTION = YES;
				GCC_WARN_UNUSED_VARIABLE = YES;
				IPHONEOS_DEPLOYMENT_TARGET = 12.1;
				MTL_ENABLE_DEBUG_INFO = NO;
				MTL_FAST_MATH = YES;
				SDKROOT = iphoneos;
				SWIFT_COMPILATION_MODE = wholemodule;
				SWIFT_OPTIMIZATION_LEVEL = "-O";
				VALIDATE_PRODUCT = YES;
			};
			name = Release;
		};
		2357DDC12230AC1B00B28441 /* Debug */ = {
			isa = XCBuildConfiguration;
			buildSettings = {
				ASSETCATALOG_COMPILER_APPICON_NAME = AppIcon;
				CODE_SIGN_IDENTITY = "iPhone Developer";
				CODE_SIGN_STYLE = Automatic;
				DEVELOPMENT_TEAM = W3Y28858FB;
				INFOPLIST_FILE = Project1/Info.plist;
				IPHONEOS_DEPLOYMENT_TARGET = 11.2;
				LD_RUNPATH_SEARCH_PATHS = (
					"$(inherited)",
					"@executable_path/Frameworks",
				);
				PRODUCT_BUNDLE_IDENTIFIER = uk.co.mcleandigital.app1;
				PRODUCT_NAME = "$(TARGET_NAME)";
				PROVISIONING_PROFILE_SPECIFIER = "";
				SWIFT_VERSION = 4.2;
				TARGETED_DEVICE_FAMILY = "1,2";
			};
			name = Debug;
		};
		2357DDC22230AC1B00B28441 /* Release */ = {
			isa = XCBuildConfiguration;
			buildSettings = {
				ASSETCATALOG_COMPILER_APPICON_NAME = AppIcon;
				CODE_SIGN_IDENTITY = "iPhone Developer";
				CODE_SIGN_STYLE = Automatic;
				DEVELOPMENT_TEAM = W3Y28858FB;
				INFOPLIST_FILE = Project1/Info.plist;
				IPHONEOS_DEPLOYMENT_TARGET = 11.2;
				LD_RUNPATH_SEARCH_PATHS = (
					"$(inherited)",
					"@executable_path/Frameworks",
				);
				PRODUCT_BUNDLE_IDENTIFIER = uk.co.mcleandigital.app1;
				PRODUCT_NAME = "$(TARGET_NAME)";
				PROVISIONING_PROFILE_SPECIFIER = "";
				SWIFT_VERSION = 4.2;
				TARGETED_DEVICE_FAMILY = "1,2";
			};
			name = Release;
		};
/* End XCBuildConfiguration section */

/* Begin XCConfigurationList section */
		2357DDA92230AC1800B28441 /* Build configuration list for PBXProject "Project1" */ = {
			isa = XCConfigurationList;
			buildConfigurations = (
				2357DDBE2230AC1B00B28441 /* Debug */,
				2357DDBF2230AC1B00B28441 /* Release */,
			);
			defaultConfigurationIsVisible = 0;
			defaultConfigurationName = Release;
		};
		2357DDC02230AC1B00B28441 /* Build configuration list for PBXNativeTarget "Project1" */ = {
			isa = XCConfigurationList;
			buildConfigurations = (
				2357DDC12230AC1B00B28441 /* Debug */,
				2357DDC22230AC1B00B28441 /* Release */,
			);
			defaultConfigurationIsVisible = 0;
			defaultConfigurationName = Release;
		};
/* End XCConfigurationList section */
	};
	rootObject = 2357DDA62230AC1800B28441 /* Project object */;
}
