// !$*UTF8*$!
{
	archiveVersion = 1;
	classes = {
	};
	objectVersion = 50;
	objects = {

/* Begin PBXBuildFile section */
		2323C372227F771200843CE7 /* AppDelegate.swift in Sources */ = {isa = PBXBuildFile; fileRef = 2323C371227F771200843CE7 /* AppDelegate.swift */; };
		2323C374227F771200843CE7 /* ViewController.swift in Sources */ = {isa = PBXBuildFile; fileRef = 2323C373227F771200843CE7 /* ViewController.swift */; };
		2323C377227F771200843CE7 /* Main.storyboard in Resources */ = {isa = PBXBuildFile; fileRef = 2323C375227F771200843CE7 /* Main.storyboard */; };
		2323C379227F771300843CE7 /* Assets.xcassets in Resources */ = {isa = PBXBuildFile; fileRef = 2323C378227F771300843CE7 /* Assets.xcassets */; };
		2323C37C227F771300843CE7 /* LaunchScreen.storyboard in Resources */ = {isa = PBXBuildFile; fileRef = 2323C37A227F771300843CE7 /* LaunchScreen.storyboard */; };
		23FE3C292283093000DEB979 /* Media.xcassets in Resources */ = {isa = PBXBuildFile; fileRef = 23FE3C282283093000DEB979 /* Media.xcassets */; };
		23FE3C2B2283093000DEB979 /* ActionViewController.swift in Sources */ = {isa = PBXBuildFile; fileRef = 23FE3C2A2283093000DEB979 /* ActionViewController.swift */; };
		23FE3C2E2283093000DEB979 /* MainInterface.storyboard in Resources */ = {isa = PBXBuildFile; fileRef = 23FE3C2C2283093000DEB979 /* MainInterface.storyboard */; };
		23FE3C322283093000DEB979 /* Extension.appex in Embed App Extensions */ = {isa = PBXBuildFile; fileRef = 23FE3C262283093000DEB979 /* Extension.appex */; settings = {ATTRIBUTES = (RemoveHeadersOnCopy, ); }; };
		23FE3C3822830F7D00DEB979 /* Action.js in Resources */ = {isa = PBXBuildFile; fileRef = 23FE3C3722830F7D00DEB979 /* Action.js */; };
/* End PBXBuildFile section */

/* Begin PBXContainerItemProxy section */
		23FE3C302283093000DEB979 /* PBXContainerItemProxy */ = {
			isa = PBXContainerItemProxy;
			containerPortal = 2323C366227F771200843CE7 /* Project object */;
			proxyType = 1;
			remoteGlobalIDString = 23FE3C252283093000DEB979;
			remoteInfo = Extension;
		};
/* End PBXContainerItemProxy section */

/* Begin PBXCopyFilesBuildPhase section */
		23FE3C362283093000DEB979 /* Embed App Extensions */ = {
			isa = PBXCopyFilesBuildPhase;
			buildActionMask = 2147483647;
			dstPath = "";
			dstSubfolderSpec = 13;
			files = (
				23FE3C322283093000DEB979 /* Extension.appex in Embed App Extensions */,
			);
			name = "Embed App Extensions";
			runOnlyForDeploymentPostprocessing = 0;
		};
/* End PBXCopyFilesBuildPhase section */

/* Begin PBXFileReference section */
		2323C36E227F771200843CE7 /* project19.app */ = {isa = PBXFileReference; explicitFileType = wrapper.application; includeInIndex = 0; path = project19.app; sourceTree = BUILT_PRODUCTS_DIR; };
		2323C371227F771200843CE7 /* AppDelegate.swift */ = {isa = PBXFileReference; lastKnownFileType = sourcecode.swift; path = AppDelegate.swift; sourceTree = "<group>"; };
		2323C373227F771200843CE7 /* ViewController.swift */ = {isa = PBXFileReference; lastKnownFileType = sourcecode.swift; path = ViewController.swift; sourceTree = "<group>"; };
		2323C376227F771200843CE7 /* Base */ = {isa = PBXFileReference; lastKnownFileType = file.storyboard; name = Base; path = Base.lproj/Main.storyboard; sourceTree = "<group>"; };
		2323C378227F771300843CE7 /* Assets.xcassets */ = {isa = PBXFileReference; lastKnownFileType = folder.assetcatalog; path = Assets.xcassets; sourceTree = "<group>"; };
		2323C37B227F771300843CE7 /* Base */ = {isa = PBXFileReference; lastKnownFileType = file.storyboard; name = Base; path = Base.lproj/LaunchScreen.storyboard; sourceTree = "<group>"; };
		2323C37D227F771300843CE7 /* Info.plist */ = {isa = PBXFileReference; lastKnownFileType = text.plist.xml; path = Info.plist; sourceTree = "<group>"; };
		23FE3C262283093000DEB979 /* Extension.appex */ = {isa = PBXFileReference; explicitFileType = "wrapper.app-extension"; includeInIndex = 0; path = Extension.appex; sourceTree = BUILT_PRODUCTS_DIR; };
		23FE3C282283093000DEB979 /* Media.xcassets */ = {isa = PBXFileReference; lastKnownFileType = folder.assetcatalog; path = Media.xcassets; sourceTree = "<group>"; };
		23FE3C2A2283093000DEB979 /* ActionViewController.swift */ = {isa = PBXFileReference; lastKnownFileType = sourcecode.swift; path = ActionViewController.swift; sourceTree = "<group>"; };
		23FE3C2D2283093000DEB979 /* Base */ = {isa = PBXFileReference; lastKnownFileType = file.storyboard; name = Base; path = Base.lproj/MainInterface.storyboard; sourceTree = "<group>"; };
		23FE3C2F2283093000DEB979 /* Info.plist */ = {isa = PBXFileReference; lastKnownFileType = text.plist.xml; path = Info.plist; sourceTree = "<group>"; };
		23FE3C3722830F7D00DEB979 /* Action.js */ = {isa = PBXFileReference; lastKnownFileType = sourcecode.javascript; path = Action.js; sourceTree = "<group>"; };
/* End PBXFileReference section */

/* Begin PBXFrameworksBuildPhase section */
		2323C36B227F771200843CE7 /* Frameworks */ = {
			isa = PBXFrameworksBuildPhase;
			buildActionMask = 2147483647;
			files = (
			);
			runOnlyForDeploymentPostprocessing = 0;
		};
		23FE3C232283093000DEB979 /* Frameworks */ = {
			isa = PBXFrameworksBuildPhase;
			buildActionMask = 2147483647;
			files = (
			);
			runOnlyForDeploymentPostprocessing = 0;
		};
/* End PBXFrameworksBuildPhase section */

/* Begin PBXGroup section */
		2323C365227F771200843CE7 = {
			isa = PBXGroup;
			children = (
				2323C370227F771200843CE7 /* project19 */,
				23FE3C272283093000DEB979 /* Extension */,
				2323C36F227F771200843CE7 /* Products */,
			);
			sourceTree = "<group>";
		};
		2323C36F227F771200843CE7 /* Products */ = {
			isa = PBXGroup;
			children = (
				2323C36E227F771200843CE7 /* project19.app */,
				23FE3C262283093000DEB979 /* Extension.appex */,
			);
			name = Products;
			sourceTree = "<group>";
		};
		2323C370227F771200843CE7 /* project19 */ = {
			isa = PBXGroup;
			children = (
				2323C371227F771200843CE7 /* AppDelegate.swift */,
				2323C373227F771200843CE7 /* ViewController.swift */,
				2323C375227F771200843CE7 /* Main.storyboard */,
				2323C378227F771300843CE7 /* Assets.xcassets */,
				2323C37A227F771300843CE7 /* LaunchScreen.storyboard */,
				2323C37D227F771300843CE7 /* Info.plist */,
			);
			path = project19;
			sourceTree = "<group>";
		};
		23FE3C272283093000DEB979 /* Extension */ = {
			isa = PBXGroup;
			children = (
				23FE3C282283093000DEB979 /* Media.xcassets */,
				23FE3C2A2283093000DEB979 /* ActionViewController.swift */,
				23FE3C2C2283093000DEB979 /* MainInterface.storyboard */,
				23FE3C2F2283093000DEB979 /* Info.plist */,
				23FE3C3722830F7D00DEB979 /* Action.js */,
			);
			path = Extension;
			sourceTree = "<group>";
		};
/* End PBXGroup section */

/* Begin PBXNativeTarget section */
		2323C36D227F771200843CE7 /* project19 */ = {
			isa = PBXNativeTarget;
			buildConfigurationList = 2323C380227F771300843CE7 /* Build configuration list for PBXNativeTarget "project19" */;
			buildPhases = (
				2323C36A227F771200843CE7 /* Sources */,
				2323C36B227F771200843CE7 /* Frameworks */,
				2323C36C227F771200843CE7 /* Resources */,
				23FE3C362283093000DEB979 /* Embed App Extensions */,
			);
			buildRules = (
			);
			dependencies = (
				23FE3C312283093000DEB979 /* PBXTargetDependency */,
			);
			name = project19;
			productName = project19;
			productReference = 2323C36E227F771200843CE7 /* project19.app */;
			productType = "com.apple.product-type.application";
		};
		23FE3C252283093000DEB979 /* Extension */ = {
			isa = PBXNativeTarget;
			buildConfigurationList = 23FE3C352283093000DEB979 /* Build configuration list for PBXNativeTarget "Extension" */;
			buildPhases = (
				23FE3C222283093000DEB979 /* Sources */,
				23FE3C232283093000DEB979 /* Frameworks */,
				23FE3C242283093000DEB979 /* Resources */,
			);
			buildRules = (
			);
			dependencies = (
			);
			name = Extension;
			productName = Extension;
			productReference = 23FE3C262283093000DEB979 /* Extension.appex */;
			productType = "com.apple.product-type.app-extension";
		};
/* End PBXNativeTarget section */

/* Begin PBXProject section */
		2323C366227F771200843CE7 /* Project object */ = {
			isa = PBXProject;
			attributes = {
				LastSwiftUpdateCheck = 1020;
				LastUpgradeCheck = 1020;
				ORGANIZATIONNAME = "Derek Stephen McLean";
				TargetAttributes = {
					2323C36D227F771200843CE7 = {
						CreatedOnToolsVersion = 10.2;
					};
					23FE3C252283093000DEB979 = {
						CreatedOnToolsVersion = 10.2;
					};
				};
			};
			buildConfigurationList = 2323C369227F771200843CE7 /* Build configuration list for PBXProject "project19" */;
			compatibilityVersion = "Xcode 9.3";
			developmentRegion = en;
			hasScannedForEncodings = 0;
			knownRegions = (
				en,
				Base,
			);
			mainGroup = 2323C365227F771200843CE7;
			productRefGroup = 2323C36F227F771200843CE7 /* Products */;
			projectDirPath = "";
			projectRoot = "";
			targets = (
				2323C36D227F771200843CE7 /* project19 */,
				23FE3C252283093000DEB979 /* Extension */,
			);
		};
/* End PBXProject section */

/* Begin PBXResourcesBuildPhase section */
		2323C36C227F771200843CE7 /* Resources */ = {
			isa = PBXResourcesBuildPhase;
			buildActionMask = 2147483647;
			files = (
				2323C37C227F771300843CE7 /* LaunchScreen.storyboard in Resources */,
				2323C379227F771300843CE7 /* Assets.xcassets in Resources */,
				2323C377227F771200843CE7 /* Main.storyboard in Resources */,
			);
			runOnlyForDeploymentPostprocessing = 0;
		};
		23FE3C242283093000DEB979 /* Resources */ = {
			isa = PBXResourcesBuildPhase;
			buildActionMask = 2147483647;
			files = (
				23FE3C3822830F7D00DEB979 /* Action.js in Resources */,
				23FE3C292283093000DEB979 /* Media.xcassets in Resources */,
				23FE3C2E2283093000DEB979 /* MainInterface.storyboard in Resources */,
			);
			runOnlyForDeploymentPostprocessing = 0;
		};
/* End PBXResourcesBuildPhase section */

/* Begin PBXSourcesBuildPhase section */
		2323C36A227F771200843CE7 /* Sources */ = {
			isa = PBXSourcesBuildPhase;
			buildActionMask = 2147483647;
			files = (
				2323C374227F771200843CE7 /* ViewController.swift in Sources */,
				2323C372227F771200843CE7 /* AppDelegate.swift in Sources */,
			);
			runOnlyForDeploymentPostprocessing = 0;
		};
		23FE3C222283093000DEB979 /* Sources */ = {
			isa = PBXSourcesBuildPhase;
			buildActionMask = 2147483647;
			files = (
				23FE3C2B2283093000DEB979 /* ActionViewController.swift in Sources */,
			);
			runOnlyForDeploymentPostprocessing = 0;
		};
/* End PBXSourcesBuildPhase section */

/* Begin PBXTargetDependency section */
		23FE3C312283093000DEB979 /* PBXTargetDependency */ = {
			isa = PBXTargetDependency;
			target = 23FE3C252283093000DEB979 /* Extension */;
			targetProxy = 23FE3C302283093000DEB979 /* PBXContainerItemProxy */;
		};
/* End PBXTargetDependency section */

/* Begin PBXVariantGroup section */
		2323C375227F771200843CE7 /* Main.storyboard */ = {
			isa = PBXVariantGroup;
			children = (
				2323C376227F771200843CE7 /* Base */,
			);
			name = Main.storyboard;
			sourceTree = "<group>";
		};
		2323C37A227F771300843CE7 /* LaunchScreen.storyboard */ = {
			isa = PBXVariantGroup;
			children = (
				2323C37B227F771300843CE7 /* Base */,
			);
			name = LaunchScreen.storyboard;
			sourceTree = "<group>";
		};
		23FE3C2C2283093000DEB979 /* MainInterface.storyboard */ = {
			isa = PBXVariantGroup;
			children = (
				23FE3C2D2283093000DEB979 /* Base */,
			);
			name = MainInterface.storyboard;
			sourceTree = "<group>";
		};
/* End PBXVariantGroup section */

/* Begin XCBuildConfiguration section */
		2323C37E227F771300843CE7 /* Debug */ = {
			isa = XCBuildConfiguration;
			buildSettings = {
				ALWAYS_SEARCH_USER_PATHS = NO;
				CLANG_ANALYZER_NONNULL = YES;
				CLANG_ANALYZER_NUMBER_OBJECT_CONVERSION = YES_AGGRESSIVE;
				CLANG_CXX_LANGUAGE_STANDARD = "gnu++14";
				CLANG_CXX_LIBRARY = "libc++";
				CLANG_ENABLE_MODULES = YES;
				CLANG_ENABLE_OBJC_ARC = YES;
				CLANG_ENABLE_OBJC_WEAK = YES;
				CLANG_WARN_BLOCK_CAPTURE_AUTORELEASING = YES;
				CLANG_WARN_BOOL_CONVERSION = YES;
				CLANG_WARN_COMMA = YES;
				CLANG_WARN_CONSTANT_CONVERSION = YES;
				CLANG_WARN_DEPRECATED_OBJC_IMPLEMENTATIONS = YES;
				CLANG_WARN_DIRECT_OBJC_ISA_USAGE = YES_ERROR;
				CLANG_WARN_DOCUMENTATION_COMMENTS = YES;
				CLANG_WARN_EMPTY_BODY = YES;
				CLANG_WARN_ENUM_CONVERSION = YES;
				CLANG_WARN_INFINITE_RECURSION = YES;
				CLANG_WARN_INT_CONVERSION = YES;
				CLANG_WARN_NON_LITERAL_NULL_CONVERSION = YES;
				CLANG_WARN_OBJC_IMPLICIT_RETAIN_SELF = YES;
				CLANG_WARN_OBJC_LITERAL_CONVERSION = YES;
				CLANG_WARN_OBJC_ROOT_CLASS = YES_ERROR;
				CLANG_WARN_RANGE_LOOP_ANALYSIS = YES;
				CLANG_WARN_STRICT_PROTOTYPES = YES;
				CLANG_WARN_SUSPICIOUS_MOVE = YES;
				CLANG_WARN_UNGUARDED_AVAILABILITY = YES_AGGRESSIVE;
				CLANG_WARN_UNREACHABLE_CODE = YES;
				CLANG_WARN__DUPLICATE_METHOD_MATCH = YES;
				CODE_SIGN_IDENTITY = "iPhone Developer";
				COPY_PHASE_STRIP = NO;
				DEBUG_INFORMATION_FORMAT = dwarf;
				ENABLE_STRICT_OBJC_MSGSEND = YES;
				ENABLE_TESTABILITY = YES;
				GCC_C_LANGUAGE_STANDARD = gnu11;
				GCC_DYNAMIC_NO_PIC = NO;
				GCC_NO_COMMON_BLOCKS = YES;
				GCC_OPTIMIZATION_LEVEL = 0;
				GCC_PREPROCESSOR_DEFINITIONS = (
					"DEBUG=1",
					"$(inherited)",
				);
				GCC_WARN_64_TO_32_BIT_CONVERSION = YES;
				GCC_WARN_ABOUT_RETURN_TYPE = YES_ERROR;
				GCC_WARN_UNDECLARED_SELECTOR = YES;
				GCC_WARN_UNINITIALIZED_AUTOS = YES_AGGRESSIVE;
				GCC_WARN_UNUSED_FUNCTION = YES;
				GCC_WARN_UNUSED_VARIABLE = YES;
				IPHONEOS_DEPLOYMENT_TARGET = 12.2;
				MTL_ENABLE_DEBUG_INFO = INCLUDE_SOURCE;
				MTL_FAST_MATH = YES;
				ONLY_ACTIVE_ARCH = YES;
				SDKROOT = iphoneos;
				SWIFT_ACTIVE_COMPILATION_CONDITIONS = DEBUG;
				SWIFT_OPTIMIZATION_LEVEL = "-Onone";
			};
			name = Debug;
		};
		2323C37F227F771300843CE7 /* Release */ = {
			isa = XCBuildConfiguration;
			buildSettings = {
				ALWAYS_SEARCH_USER_PATHS = NO;
				CLANG_ANALYZER_NONNULL = YES;
				CLANG_ANALYZER_NUMBER_OBJECT_CONVERSION = YES_AGGRESSIVE;
				CLANG_CXX_LANGUAGE_STANDARD = "gnu++14";
				CLANG_CXX_LIBRARY = "libc++";
				CLANG_ENABLE_MODULES = YES;
				CLANG_ENABLE_OBJC_ARC = YES;
				CLANG_ENABLE_OBJC_WEAK = YES;
				CLANG_WARN_BLOCK_CAPTURE_AUTORELEASING = YES;
				CLANG_WARN_BOOL_CONVERSION = YES;
				CLANG_WARN_COMMA = YES;
				CLANG_WARN_CONSTANT_CONVERSION = YES;
				CLANG_WARN_DEPRECATED_OBJC_IMPLEMENTATIONS = YES;
				CLANG_WARN_DIRECT_OBJC_ISA_USAGE = YES_ERROR;
				CLANG_WARN_DOCUMENTATION_COMMENTS = YES;
				CLANG_WARN_EMPTY_BODY = YES;
				CLANG_WARN_ENUM_CONVERSION = YES;
				CLANG_WARN_INFINITE_RECURSION = YES;
				CLANG_WARN_INT_CONVERSION = YES;
				CLANG_WARN_NON_LITERAL_NULL_CONVERSION = YES;
				CLANG_WARN_OBJC_IMPLICIT_RETAIN_SELF = YES;
				CLANG_WARN_OBJC_LITERAL_CONVERSION = YES;
				CLANG_WARN_OBJC_ROOT_CLASS = YES_ERROR;
				CLANG_WARN_RANGE_LOOP_ANALYSIS = YES;
				CLANG_WARN_STRICT_PROTOTYPES = YES;
				CLANG_WARN_SUSPICIOUS_MOVE = YES;
				CLANG_WARN_UNGUARDED_AVAILABILITY = YES_AGGRESSIVE;
				CLANG_WARN_UNREACHABLE_CODE = YES;
				CLANG_WARN__DUPLICATE_METHOD_MATCH = YES;
				CODE_SIGN_IDENTITY = "iPhone Developer";
				COPY_PHASE_STRIP = NO;
				DEBUG_INFORMATION_FORMAT = "dwarf-with-dsym";
				ENABLE_NS_ASSERTIONS = NO;
				ENABLE_STRICT_OBJC_MSGSEND = YES;
				GCC_C_LANGUAGE_STANDARD = gnu11;
				GCC_NO_COMMON_BLOCKS = YES;
				GCC_WARN_64_TO_32_BIT_CONVERSION = YES;
				GCC_WARN_ABOUT_RETURN_TYPE = YES_ERROR;
				GCC_WARN_UNDECLARED_SELECTOR = YES;
				GCC_WARN_UNINITIALIZED_AUTOS = YES_AGGRESSIVE;
				GCC_WARN_UNUSED_FUNCTION = YES;
				GCC_WARN_UNUSED_VARIABLE = YES;
				IPHONEOS_DEPLOYMENT_TARGET = 12.2;
				MTL_ENABLE_DEBUG_INFO = NO;
				MTL_FAST_MATH = YES;
				SDKROOT = iphoneos;
				SWIFT_COMPILATION_MODE = wholemodule;
				SWIFT_OPTIMIZATION_LEVEL = "-O";
				VALIDATE_PRODUCT = YES;
			};
			name = Release;
		};
		2323C381227F771300843CE7 /* Debug */ = {
			isa = XCBuildConfiguration;
			buildSettings = {
				ALWAYS_EMBED_SWIFT_STANDARD_LIBRARIES = YES;
				ASSETCATALOG_COMPILER_APPICON_NAME = AppIcon;
				CODE_SIGN_STYLE = Automatic;
				DEVELOPMENT_TEAM = W3Y28858FB;
				INFOPLIST_FILE = project19/Info.plist;
				LD_RUNPATH_SEARCH_PATHS = (
					"$(inherited)",
					"@executable_path/Frameworks",
				);
				PRODUCT_BUNDLE_IDENTIFIER = uk.co.mcleandigital.project19;
				PRODUCT_NAME = "$(TARGET_NAME)";
				SWIFT_VERSION = 5.0;
				TARGETED_DEVICE_FAMILY = "1,2";
			};
			name = Debug;
		};
		2323C382227F771300843CE7 /* Release */ = {
			isa = XCBuildConfiguration;
			buildSettings = {
				ALWAYS_EMBED_SWIFT_STANDARD_LIBRARIES = YES;
				ASSETCATALOG_COMPILER_APPICON_NAME = AppIcon;
				CODE_SIGN_STYLE = Automatic;
				DEVELOPMENT_TEAM = W3Y28858FB;
				INFOPLIST_FILE = project19/Info.plist;
				LD_RUNPATH_SEARCH_PATHS = (
					"$(inherited)",
					"@executable_path/Frameworks",
				);
				PRODUCT_BUNDLE_IDENTIFIER = uk.co.mcleandigital.project19;
				PRODUCT_NAME = "$(TARGET_NAME)";
				SWIFT_VERSION = 5.0;
				TARGETED_DEVICE_FAMILY = "1,2";
			};
			name = Release;
		};
		23FE3C332283093000DEB979 /* Debug */ = {
			isa = XCBuildConfiguration;
			buildSettings = {
				CODE_SIGN_STYLE = Automatic;
				DEVELOPMENT_TEAM = W3Y28858FB;
				INFOPLIST_FILE = Extension/Info.plist;
				LD_RUNPATH_SEARCH_PATHS = (
					"$(inherited)",
					"@executable_path/Frameworks",
					"@executable_path/../../Frameworks",
				);
				PRODUCT_BUNDLE_IDENTIFIER = uk.co.mcleandigital.project19.Extension;
				PRODUCT_NAME = "$(TARGET_NAME)";
				SKIP_INSTALL = YES;
				SWIFT_VERSION = 5.0;
				TARGETED_DEVICE_FAMILY = "1,2";
			};
			name = Debug;
		};
		23FE3C342283093000DEB979 /* Release */ = {
			isa = XCBuildConfiguration;
			buildSettings = {
				CODE_SIGN_STYLE = Automatic;
				DEVELOPMENT_TEAM = W3Y28858FB;
				INFOPLIST_FILE = Extension/Info.plist;
				LD_RUNPATH_SEARCH_PATHS = (
					"$(inherited)",
					"@executable_path/Frameworks",
					"@executable_path/../../Frameworks",
				);
				PRODUCT_BUNDLE_IDENTIFIER = uk.co.mcleandigital.project19.Extension;
				PRODUCT_NAME = "$(TARGET_NAME)";
				SKIP_INSTALL = YES;
				SWIFT_VERSION = 5.0;
				TARGETED_DEVICE_FAMILY = "1,2";
			};
			name = Release;
		};
/* End XCBuildConfiguration section */

/* Begin XCConfigurationList section */
		2323C369227F771200843CE7 /* Build configuration list for PBXProject "project19" */ = {
			isa = XCConfigurationList;
			buildConfigurations = (
				2323C37E227F771300843CE7 /* Debug */,
				2323C37F227F771300843CE7 /* Release */,
			);
			defaultConfigurationIsVisible = 0;
			defaultConfigurationName = Release;
		};
		2323C380227F771300843CE7 /* Build configuration list for PBXNativeTarget "project19" */ = {
			isa = XCConfigurationList;
			buildConfigurations = (
				2323C381227F771300843CE7 /* Debug */,
				2323C382227F771300843CE7 /* Release */,
			);
			defaultConfigurationIsVisible = 0;
			defaultConfigurationName = Release;
		};
		23FE3C352283093000DEB979 /* Build configuration list for PBXNativeTarget "Extension" */ = {
			isa = XCConfigurationList;
			buildConfigurations = (
				23FE3C332283093000DEB979 /* Debug */,
				23FE3C342283093000DEB979 /* Release */,
			);
			defaultConfigurationIsVisible = 0;
			defaultConfigurationName = Release;
		};
/* End XCConfigurationList section */
	};
	rootObject = 2323C366227F771200843CE7 /* Project object */;
}
